
Microsoft Visual Studio Solution File, Format Version 12.00
# Visual Studio Version 17
VisualStudioVersion = 17.4.33103.184
MinimumVisualStudioVersion = 10.0.40219.1
Project("{8BC9CEB8-8B4A-11D0-8D11-00A0C91BC942}") = "IDA_HomeWork_OOP_10_OnlineFirm_+_Calculator", "IDA_HomeWork_OOP_10_OnlineFirm_+_Calculator\IDA_HomeWork_OOP_10_OnlineFirm_+_Calculator.vcxproj", "{3D46BBCC-BDAC-4744-B62B-4FE5D8A80037}"
EndProject
Global
	GlobalSection(SolutionConfigurationPlatforms) = preSolution
		Debug|x64 = Debug|x64
		Debug|x86 = Debug|x86
		Release|x64 = Release|x64
		Release|x86 = Release|x86
	EndGlobalSection
	GlobalSection(ProjectConfigurationPlatforms) = postSolution
		{3D46BBCC-BDAC-4744-B62B-4FE5D8A80037}.Debug|x64.ActiveCfg = Debug|x64
		{3D46BBCC-BDAC-4744-B62B-4FE5D8A80037}.Debug|x64.Build.0 = Debug|x64
		{3D46BBCC-BDAC-4744-B62B-4FE5D8A80037}.Debug|x86.ActiveCfg = Debug|Win32
		{3D46BBCC-BDAC-4744-B62B-4FE5D8A80037}.Debug|x86.Build.0 = Debug|Win32
		{3D46BBCC-BDAC-4744-B62B-4FE5D8A80037}.Release|x64.ActiveCfg = Release|x64
		{3D46BBCC-BDAC-4744-B62B-4FE5D8A80037}.Release|x64.Build.0 = Release|x64
		{3D46BBCC-BDAC-4744-B62B-4FE5D8A80037}.Release|x86.ActiveCfg = Release|Win32
		{3D46BBCC-BDAC-4744-B62B-4FE5D8A80037}.Release|x86.Build.0 = Release|Win32
	EndGlobalSection
	GlobalSection(SolutionProperties) = preSolution
		HideSolutionNode = FALSE
	EndGlobalSection
	GlobalSection(ExtensibilityGlobals) = postSolution
		SolutionGuid = {57590E25-37CD-4071-AEE8-B4798103F984}
	EndGlobalSection
EndGlobal
